
Microsoft Visual Studio Solution File, Format Version 12.00
# Visual Studio Version 16
VisualStudioVersion = 16.0.30011.22
MinimumVisualStudioVersion = 10.0.40219.1
Project("{FAE04EC0-301F-11D3-BF4B-00C04F79EFBC}") = "Ray.EssayNotes.AsyncAndThread", "Ray.EssayNotes.AsyncAndThread\Ray.EssayNotes.AsyncAndThread.csproj", "{9BFD7621-29AF-4330-83B0-9842AB5B5550}"
EndProject
Project("{9A19103F-16F7-4668-BE54-9A1E7A4F7556}") = "Ray.Infrastructure", "..\..\..\RayPI\master\src\Ray.Infrastructure\Ray.Infrastructure.csproj", "{D8CFF67B-A8BD-4469-977C-5C887F502303}"
EndProject
Global
	GlobalSection(SolutionConfigurationPlatforms) = preSolution
		Debug|Any CPU = Debug|Any CPU
		Release|Any CPU = Release|Any CPU
	EndGlobalSection
	GlobalSection(ProjectConfigurationPlatforms) = postSolution
		{9BFD7621-29AF-4330-83B0-9842AB5B5550}.Debug|Any CPU.ActiveCfg = Debug|Any CPU
		{9BFD7621-29AF-4330-83B0-9842AB5B5550}.Debug|Any CPU.Build.0 = Debug|Any CPU
		{9BFD7621-29AF-4330-83B0-9842AB5B5550}.Release|Any CPU.ActiveCfg = Release|Any CPU
		{9BFD7621-29AF-4330-83B0-9842AB5B5550}.Release|Any CPU.Build.0 = Release|Any CPU
		{D8CFF67B-A8BD-4469-977C-5C887F502303}.Debug|Any CPU.ActiveCfg = Debug|Any CPU
		{D8CFF67B-A8BD-4469-977C-5C887F502303}.Debug|Any CPU.Build.0 = Debug|Any CPU
		{D8CFF67B-A8BD-4469-977C-5C887F502303}.Release|Any CPU.ActiveCfg = Release|Any CPU
		{D8CFF67B-A8BD-4469-977C-5C887F502303}.Release|Any CPU.Build.0 = Release|Any CPU
	EndGlobalSection
	GlobalSection(SolutionProperties) = preSolution
		HideSolutionNode = FALSE
	EndGlobalSection
	GlobalSection(ExtensibilityGlobals) = postSolution
		SolutionGuid = {433B74AD-0058-4E25-B9A1-00E8B2D54567}
	EndGlobalSection
EndGlobal
